
Microsoft Visual Studio Solution File, Format Version 12.00
# Visual Studio Version 16
VisualStudioVersion = 16.0.30128.74
MinimumVisualStudioVersion = 10.0.40219.1
Project("{FAE04EC0-301F-11D3-BF4B-00C04F79EFBC}") = "Wf6c", "Wf6c\Wf6c.csproj", "{3485C2BF-8432-43F5-8179-358585D8667B}"
EndProject
Global
	GlobalSection(SolutionConfigurationPlatforms) = preSolution
		Debug|Any CPU = Debug|Any CPU
		Release|Any CPU = Release|Any CPU
	EndGlobalSection
	GlobalSection(ProjectConfigurationPlatforms) = postSolution
		{3485C2BF-8432-43F5-8179-358585D8667B}.Debug|Any CPU.ActiveCfg = Debug|Any CPU
		{3485C2BF-8432-43F5-8179-358585D8667B}.Debug|Any CPU.Build.0 = Debug|Any CPU
		{3485C2BF-8432-43F5-8179-358585D8667B}.Release|Any CPU.ActiveCfg = Release|Any CPU
		{3485C2BF-8432-43F5-8179-358585D8667B}.Release|Any CPU.Build.0 = Release|Any CPU
	EndGlobalSection
	GlobalSection(SolutionProperties) = preSolution
		HideSolutionNode = FALSE
	EndGlobalSection
	GlobalSection(ExtensibilityGlobals) = postSolution
		SolutionGuid = {A256FD90-FEF8-4D08-8AB2-771F87D858C0}
	EndGlobalSection
EndGlobal
